
Microsoft Visual Studio Solution File, Format Version 12.00
# Visual Studio 15
VisualStudioVersion = 15.0.28307.106
MinimumVisualStudioVersion = 10.0.40219.1
Project("{FAE04EC0-301F-11D3-BF4B-00C04F79EFBC}") = "ApagarPC", "ApagarPC\ApagarPC.csproj", "{FCE95ED6-E4BA-4F6F-985A-B35500AD5199}"
EndProject
Global
	GlobalSection(SolutionConfigurationPlatforms) = preSolution
		Debug|Any CPU = Debug|Any CPU
		Release|Any CPU = Release|Any CPU
	EndGlobalSection
	GlobalSection(ProjectConfigurationPlatforms) = postSolution
		{FCE95ED6-E4BA-4F6F-985A-B35500AD5199}.Debug|Any CPU.ActiveCfg = Debug|Any CPU
		{FCE95ED6-E4BA-4F6F-985A-B35500AD5199}.Debug|Any CPU.Build.0 = Debug|Any CPU
		{FCE95ED6-E4BA-4F6F-985A-B35500AD5199}.Release|Any CPU.ActiveCfg = Release|Any CPU
		{FCE95ED6-E4BA-4F6F-985A-B35500AD5199}.Release|Any CPU.Build.0 = Release|Any CPU
	EndGlobalSection
	GlobalSection(SolutionProperties) = preSolution
		HideSolutionNode = FALSE
	EndGlobalSection
	GlobalSection(ExtensibilityGlobals) = postSolution
		SolutionGuid = {4214E14E-87AD-4C93-A628-B402A4BD4021}
	EndGlobalSection
EndGlobal
